// !$*UTF8*$!
{
	archiveVersion = 1;
	classes = {
	};
	objectVersion = 46;
	objects = {

/* Begin PBXBuildFile section */
		3801102C1FC4595300B3F35B /* EightNowPlayingVC.swift in Sources */ = {isa = PBXBuildFile; fileRef = 3801102B1FC4595300B3F35B /* EightNowPlayingVC.swift */; };
		3801C60A1FC83DDA00EFBC52 /* CollectionActionCell.swift in Sources */ = {isa = PBXBuildFile; fileRef = 3801C6091FC83DDA00EFBC52 /* CollectionActionCell.swift */; };
		3803CD541FBB5B1A009F5EA8 /* SearchCell.swift in Sources */ = {isa = PBXBuildFile; fileRef = 3803CD531FBB5B1A009F5EA8 /* SearchCell.swift */; };
		3806FD3B1FD9D74900519AA4 /* TodayViewController.swift in Sources */ = {isa = PBXBuildFile; fileRef = 3878D4FD1FD7F91500A6C42B /* TodayViewController.swift */; };
		380C2EBA1FB1AE6400A6731B /* AudioToolbox.framework in Frameworks */ = {isa = PBXBuildFile; fileRef = 380C2EB91FB1AE6400A6731B /* AudioToolbox.framework */; };
		38121E9D1FA07A1700C2A3BD /* AlbumCell.swift in Sources */ = {isa = PBXBuildFile; fileRef = 38121E9C1FA07A1700C2A3BD /* AlbumCell.swift */; };
		38121E9F1FA07CBE00C2A3BD /* AlbumVC.swift in Sources */ = {isa = PBXBuildFile; fileRef = 38121E9E1FA07CBE00C2A3BD /* AlbumVC.swift */; };
		38121EA31FA0856400C2A3BD /* AlbumsCollectionCell.swift in Sources */ = {isa = PBXBuildFile; fileRef = 38121EA21FA0856400C2A3BD /* AlbumsCollectionCell.swift */; };
		3812DEED1F7D2E5600DA9840 /* AlbumSectionCell.swift in Sources */ = {isa = PBXBuildFile; fileRef = 3812DEEC1F7D2E5600DA9840 /* AlbumSectionCell.swift */; };
		3817D0DB1FE1780300659C9C /* BlurView.swift in Sources */ = {isa = PBXBuildFile; fileRef = 3817D0DA1FE1780300659C9C /* BlurView.swift */; };
		3822211E1FA5EA4000004B21 /* QueueActionsCell.swift in Sources */ = {isa = PBXBuildFile; fileRef = 3822211D1FA5EA4000004B21 /* QueueActionsCell.swift */; };
		382D68101FFD2B1200C51BC2 /* initPlum.m4a in Resources */ = {isa = PBXBuildFile; fileRef = 382D680F1FFD2B0700C51BC2 /* initPlum.m4a */; };
		382D68121FFD2BCF00C51BC2 /* Artist.swift in Sources */ = {isa = PBXBuildFile; fileRef = 382D68111FFD2BCF00C51BC2 /* Artist.swift */; };
		382D68141FFD2BD900C51BC2 /* Playlist.swift in Sources */ = {isa = PBXBuildFile; fileRef = 382D68131FFD2BD900C51BC2 /* Playlist.swift */; };
		382D68161FFD2BE600C51BC2 /* AlbumB.swift in Sources */ = {isa = PBXBuildFile; fileRef = 382D68151FFD2BE600C51BC2 /* AlbumB.swift */; };
		382D681A1FFD34C600C51BC2 /* ShuffleCell.swift in Sources */ = {isa = PBXBuildFile; fileRef = 382D68191FFD34C600C51BC2 /* ShuffleCell.swift */; };
		38345F461FABBBCA003DA1F2 /* PlaylistCell.swift in Sources */ = {isa = PBXBuildFile; fileRef = 38345F451FABBBCA003DA1F2 /* PlaylistCell.swift */; };
		383A3ACD1FE02A000077E1DD /* AppIcon.appiconset in Resources */ = {isa = PBXBuildFile; fileRef = 383A3ACC1FE02A000077E1DD /* AppIcon.appiconset */; };
		38401DD41F88CAB800EF64F1 /* PermissionVC.swift in Sources */ = {isa = PBXBuildFile; fileRef = 38401DD31F88CAB800EF64F1 /* PermissionVC.swift */; };
		38401DF71F88EB9C00EF64F1 /* VolumeSlider.swift in Sources */ = {isa = PBXBuildFile; fileRef = 38401DF61F88EB9C00EF64F1 /* VolumeSlider.swift */; };
		38401DF91F88F16E00EF64F1 /* Colors.swift in Sources */ = {isa = PBXBuildFile; fileRef = 38401DF81F88F16E00EF64F1 /* Colors.swift */; };
		3843ADBF1FBF39EA005E1C2F /* LyricsVC.swift in Sources */ = {isa = PBXBuildFile; fileRef = 3843ADBE1FBF39EA005E1C2F /* LyricsVC.swift */; };
		3843ADC31FBF44A9005E1C2F /* SetRatingsVC.swift in Sources */ = {isa = PBXBuildFile; fileRef = 3843ADC21FBF44A9005E1C2F /* SetRatingsVC.swift */; };
		384BCD501F96140600D8ECFD /* PlumTabBarController.swift in Sources */ = {isa = PBXBuildFile; fileRef = 384BCD4F1F96140600D8ECFD /* PlumTabBarController.swift */; };
		384F9BF21F7A647E0053E22C /* RemoteCommandManager.swift in Sources */ = {isa = PBXBuildFile; fileRef = 384F9BF01F7A647D0053E22C /* RemoteCommandManager.swift */; };
		3858254F1FA33A2800697186 /* SettingsStructs.swift in Sources */ = {isa = PBXBuildFile; fileRef = 3858254E1FA33A2800697186 /* SettingsStructs.swift */; };
		385825521FA33C8600697186 /* ArtistUpCell.swift in Sources */ = {isa = PBXBuildFile; fileRef = 385825511FA33C8600697186 /* ArtistUpCell.swift */; };
		3859213F1FA879D900CF9059 /* ArtistsVC.swift in Sources */ = {isa = PBXBuildFile; fileRef = 3859213E1FA879D900CF9059 /* ArtistsVC.swift */; };
		385921411FA8869600CF9059 /* AlbumsVC.swift in Sources */ = {isa = PBXBuildFile; fileRef = 385921401FA8869600CF9059 /* AlbumsVC.swift */; };
		385921431FA88A7600CF9059 /* SettingsVC.swift in Sources */ = {isa = PBXBuildFile; fileRef = 385921421FA88A7600CF9059 /* SettingsVC.swift */; };
		3859DFE31FC4B5EC00F188CE /* ScaleVC.swift in Sources */ = {isa = PBXBuildFile; fileRef = 3859DFE21FC4B5EC00F188CE /* ScaleVC.swift */; };
		386A5AC41FFFE06800934DA8 /* LNPopupController.framework in Frameworks */ = {isa = PBXBuildFile; fileRef = 386A5AC31FFFE06800934DA8 /* LNPopupController.framework */; };
		386A5AC51FFFE06800934DA8 /* LNPopupController.framework in Embed Frameworks */ = {isa = PBXBuildFile; fileRef = 386A5AC31FFFE06800934DA8 /* LNPopupController.framework */; settings = {ATTRIBUTES = (CodeSignOnCopy, RemoveHeadersOnCopy, ); }; };
		386B22752000D77100C5DCC9 /* BigSlider.swift in Sources */ = {isa = PBXBuildFile; fileRef = 386B22742000D77100C5DCC9 /* BigSlider.swift */; };
		386CD58D1F6FC3560075EFD9 /* artistAlbumCell.swift in Sources */ = {isa = PBXBuildFile; fileRef = 386CD58C1F6FC3560075EFD9 /* artistAlbumCell.swift */; };
		386CD58F1F6FC4350075EFD9 /* AlbumsByVC.swift in Sources */ = {isa = PBXBuildFile; fileRef = 386CD58E1F6FC4350075EFD9 /* AlbumsByVC.swift */; };
		3871BC231FBC3DD80027CA2A /* ColorsVC.swift in Sources */ = {isa = PBXBuildFile; fileRef = 3871BC221FBC3DD80027CA2A /* ColorsVC.swift */; };
		3871BC261FBC42A30027CA2A /* ColorCell.swift in Sources */ = {isa = PBXBuildFile; fileRef = 3871BC251FBC42A30027CA2A /* ColorCell.swift */; };
		387678E51F7E99CE00F1AFD7 /* SongInAlbumCell.swift in Sources */ = {isa = PBXBuildFile; fileRef = 387678E41F7E99CE00F1AFD7 /* SongInAlbumCell.swift */; };
		3878D4FB1FD7F91500A6C42B /* NotificationCenter.framework in Frameworks */ = {isa = PBXBuildFile; fileRef = 3878D4FA1FD7F91500A6C42B /* NotificationCenter.framework */; };
		3878D4FE1FD7F91500A6C42B /* TodayViewController.swift in Sources */ = {isa = PBXBuildFile; fileRef = 3878D4FD1FD7F91500A6C42B /* TodayViewController.swift */; };
		3878D5011FD7F91500A6C42B /* MainInterface.storyboard in Resources */ = {isa = PBXBuildFile; fileRef = 3878D4FF1FD7F91500A6C42B /* MainInterface.storyboard */; };
		3878D5051FD7F91500A6C42B /* PlumWidget.appex in Embed App Extensions */ = {isa = PBXBuildFile; fileRef = 3878D4F91FD7F91500A6C42B /* PlumWidget.appex */; settings = {ATTRIBUTES = (RemoveHeadersOnCopy, ); }; };
		387C76B11FDD539300F4964E /* UpNextTabBarController.swift in Sources */ = {isa = PBXBuildFile; fileRef = 387C76B01FDD539300F4964E /* UpNextTabBarController.swift */; };
		388A601A1FF28015009C5381 /* DummyVC.swift in Sources */ = {isa = PBXBuildFile; fileRef = 388A60191FF28014009C5381 /* DummyVC.swift */; };
		389333AE1FDDC118004A071B /* UIImage+ProportionalFill.m in Sources */ = {isa = PBXBuildFile; fileRef = 389333AC1FDDC118004A071B /* UIImage+ProportionalFill.m */; };
		389333AF1FDDC118004A071B /* UIImage+Tint.m in Sources */ = {isa = PBXBuildFile; fileRef = 389333AD1FDDC118004A071B /* UIImage+Tint.m */; };
		38944CA01FA0EFA4005CB30C /* AlbumUpVC.swift in Sources */ = {isa = PBXBuildFile; fileRef = 38944C9F1FA0EFA4005CB30C /* AlbumUpVC.swift */; };
		38944CA31FA0F024005CB30C /* MediaPlayer.framework in Frameworks */ = {isa = PBXBuildFile; fileRef = 38944CA21FA0F024005CB30C /* MediaPlayer.framework */; };
		389859ED1FDDB89700E54E55 /* PlumVolumeView.swift in Sources */ = {isa = PBXBuildFile; fileRef = 389859EC1FDDB89700E54E55 /* PlumVolumeView.swift */; };
		389A24781FD8872D0092F979 /* QueueCellLite.swift in Sources */ = {isa = PBXBuildFile; fileRef = 389A24761FD8871B0092F979 /* QueueCellLite.swift */; };
		389A24791FD8874E0092F979 /* QueueCellLite.swift in Sources */ = {isa = PBXBuildFile; fileRef = 389A24761FD8871B0092F979 /* QueueCellLite.swift */; };
		38A12EA61F7270DB00E3E53E /* AlbumInfoCell.swift in Sources */ = {isa = PBXBuildFile; fileRef = 38A12EA51F7270DB00E3E53E /* AlbumInfoCell.swift */; };
		38A12EA81F72834E00E3E53E /* QueueCell.swift in Sources */ = {isa = PBXBuildFile; fileRef = 38A12EA71F72834E00E3E53E /* QueueCell.swift */; };
		38AC0F501FDC54DC0049AD09 /* ArtistUpVCB.swift in Sources */ = {isa = PBXBuildFile; fileRef = 38AC0F4F1FDC54DC0049AD09 /* ArtistUpVCB.swift */; };
		38AF9C791F2F72A800FA73B8 /* Plum.swift in Sources */ = {isa = PBXBuildFile; fileRef = 38AF9C781F2F72A800FA73B8 /* Plum.swift */; };
		38C4BCAA1F94BAF700DABE81 /* CollectionViewCell.swift in Sources */ = {isa = PBXBuildFile; fileRef = 38C4BCA91F94BAF700DABE81 /* CollectionViewCell.swift */; };
		38C83D5D1FDBFBD600C7D94E /* ArtistSongs.swift in Sources */ = {isa = PBXBuildFile; fileRef = 38C83D5C1FDBFBD600C7D94E /* ArtistSongs.swift */; };
		38CB49481FE296A30054F23C /* FolderVC.swift in Sources */ = {isa = PBXBuildFile; fileRef = 38CB49471FE296A30054F23C /* FolderVC.swift */; };
		38CC1A151F9CAEA500B2AA8D /* IndexViews.swift in Sources */ = {isa = PBXBuildFile; fileRef = 38CC1A141F9CAEA500B2AA8D /* IndexViews.swift */; };
		38D142571FB367CF003F08F5 /* SearchHeader.swift in Sources */ = {isa = PBXBuildFile; fileRef = 38D142561FB367CF003F08F5 /* SearchHeader.swift */; };
		38E68AC11F28C17500BFF4E2 /* AppDelegate.swift in Sources */ = {isa = PBXBuildFile; fileRef = 38E68AC01F28C17500BFF4E2 /* AppDelegate.swift */; };
		38E68AC61F28C17500BFF4E2 /* Main.storyboard in Resources */ = {isa = PBXBuildFile; fileRef = 38E68AC41F28C17500BFF4E2 /* Main.storyboard */; };
		38E68AC81F28C17500BFF4E2 /* Assets.xcassets in Resources */ = {isa = PBXBuildFile; fileRef = 38E68AC71F28C17500BFF4E2 /* Assets.xcassets */; };
		38E68ACB1F28C17500BFF4E2 /* LaunchScreen.storyboard in Resources */ = {isa = PBXBuildFile; fileRef = 38E68AC91F28C17500BFF4E2 /* LaunchScreen.storyboard */; };
		38E7294E1F2F407900F35780 /* SongsVC.swift in Sources */ = {isa = PBXBuildFile; fileRef = 38E7294D1F2F407900F35780 /* SongsVC.swift */; };
		38E729501F2F40B600F35780 /* musicQuery.swift in Sources */ = {isa = PBXBuildFile; fileRef = 38E7294F1F2F40B600F35780 /* musicQuery.swift */; };
		38E729521F2F422900F35780 /* SongCell.swift in Sources */ = {isa = PBXBuildFile; fileRef = 38E729511F2F422900F35780 /* SongCell.swift */; };
		38E98BC31F70177200D29FB4 /* Ext.swift in Sources */ = {isa = PBXBuildFile; fileRef = 38E98BC21F70177200D29FB4 /* Ext.swift */; };
		38F0BDA71FAB1CA90028008B /* PlaylistsVC.swift in Sources */ = {isa = PBXBuildFile; fileRef = 38F0BDA61FAB1CA90028008B /* PlaylistsVC.swift */; };
		38F0BDAA1FAB2DED0028008B /* PlaylistVC.swift in Sources */ = {isa = PBXBuildFile; fileRef = 38F0BDA91FAB2DED0028008B /* PlaylistVC.swift */; };
		38F722EC1FC0409900A45CF9 /* QueueVC.swift in Sources */ = {isa = PBXBuildFile; fileRef = 38F722EB1FC0409900A45CF9 /* QueueVC.swift */; };
		38FD26DF1F9F57B3005BE3DF /* SearchVC.swift in Sources */ = {isa = PBXBuildFile; fileRef = 38FD26DE1F9F57B3005BE3DF /* SearchVC.swift */; };
		38FFA1381F83DD950079FF4B /* ArtistCell.swift in Sources */ = {isa = PBXBuildFile; fileRef = 38FFA1371F83DD950079FF4B /* ArtistCell.swift */; };
/* End PBXBuildFile section */

/* Begin PBXContainerItemProxy section */
		3878D5031FD7F91500A6C42B /* PBXContainerItemProxy */ = {
			isa = PBXContainerItemProxy;
			containerPortal = 38E68AB51F28C17500BFF4E2 /* Project object */;
			proxyType = 1;
			remoteGlobalIDString = 3878D4F81FD7F91500A6C42B;
			remoteInfo = PlumWidget;
		};
/* End PBXContainerItemProxy section */

/* Begin PBXCopyFilesBuildPhase section */
		3878D5091FD7F91500A6C42B /* Embed App Extensions */ = {
			isa = PBXCopyFilesBuildPhase;
			buildActionMask = 2147483647;
			dstPath = "";
			dstSubfolderSpec = 13;
			files = (
				3878D5051FD7F91500A6C42B /* PlumWidget.appex in Embed App Extensions */,
			);
			name = "Embed App Extensions";
			runOnlyForDeploymentPostprocessing = 0;
		};
		38DB703A1FB86B3100FC2235 /* Embed Frameworks */ = {
			isa = PBXCopyFilesBuildPhase;
			buildActionMask = 2147483647;
			dstPath = "";
			dstSubfolderSpec = 10;
			files = (
				386A5AC51FFFE06800934DA8 /* LNPopupController.framework in Embed Frameworks */,
			);
			name = "Embed Frameworks";
			runOnlyForDeploymentPostprocessing = 0;
		};
/* End PBXCopyFilesBuildPhase section */

/* Begin PBXFileReference section */
		3801102B1FC4595300B3F35B /* EightNowPlayingVC.swift */ = {isa = PBXFileReference; lastKnownFileType = sourcecode.swift; path = EightNowPlayingVC.swift; sourceTree = "<group>"; };
		3801C6091FC83DDA00EFBC52 /* CollectionActionCell.swift */ = {isa = PBXFileReference; lastKnownFileType = sourcecode.swift; path = CollectionActionCell.swift; sourceTree = "<group>"; };
		3803CD531FBB5B1A009F5EA8 /* SearchCell.swift */ = {isa = PBXFileReference; lastKnownFileType = sourcecode.swift; path = SearchCell.swift; sourceTree = "<group>"; };
		380C2EB91FB1AE6400A6731B /* AudioToolbox.framework */ = {isa = PBXFileReference; lastKnownFileType = wrapper.framework; name = AudioToolbox.framework; path = System/Library/Frameworks/AudioToolbox.framework; sourceTree = SDKROOT; };
		38121E9C1FA07A1700C2A3BD /* AlbumCell.swift */ = {isa = PBXFileReference; fileEncoding = 4; lastKnownFileType = sourcecode.swift; path = AlbumCell.swift; sourceTree = "<group>"; };
		38121E9E1FA07CBE00C2A3BD /* AlbumVC.swift */ = {isa = PBXFileReference; fileEncoding = 4; lastKnownFileType = sourcecode.swift; path = AlbumVC.swift; sourceTree = "<group>"; };
		38121EA21FA0856400C2A3BD /* AlbumsCollectionCell.swift */ = {isa = PBXFileReference; fileEncoding = 4; lastKnownFileType = sourcecode.swift; path = AlbumsCollectionCell.swift; sourceTree = "<group>"; };
		3812DEEC1F7D2E5600DA9840 /* AlbumSectionCell.swift */ = {isa = PBXFileReference; fileEncoding = 4; lastKnownFileType = sourcecode.swift; path = AlbumSectionCell.swift; sourceTree = "<group>"; };
		3817D0DA1FE1780300659C9C /* BlurView.swift */ = {isa = PBXFileReference; lastKnownFileType = sourcecode.swift; path = BlurView.swift; sourceTree = "<group>"; };
		3822211D1FA5EA4000004B21 /* QueueActionsCell.swift */ = {isa = PBXFileReference; fileEncoding = 4; lastKnownFileType = sourcecode.swift; path = QueueActionsCell.swift; sourceTree = "<group>"; };
		382D680F1FFD2B0700C51BC2 /* initPlum.m4a */ = {isa = PBXFileReference; lastKnownFileType = file; path = initPlum.m4a; sourceTree = "<group>"; };
		382D68111FFD2BCF00C51BC2 /* Artist.swift */ = {isa = PBXFileReference; lastKnownFileType = sourcecode.swift; path = Artist.swift; sourceTree = "<group>"; };
		382D68131FFD2BD900C51BC2 /* Playlist.swift */ = {isa = PBXFileReference; lastKnownFileType = sourcecode.swift; path = Playlist.swift; sourceTree = "<group>"; };
		382D68151FFD2BE600C51BC2 /* AlbumB.swift */ = {isa = PBXFileReference; lastKnownFileType = sourcecode.swift; path = AlbumB.swift; sourceTree = "<group>"; };
		382D68191FFD34C600C51BC2 /* ShuffleCell.swift */ = {isa = PBXFileReference; lastKnownFileType = sourcecode.swift; path = ShuffleCell.swift; sourceTree = "<group>"; };
		38345F451FABBBCA003DA1F2 /* PlaylistCell.swift */ = {isa = PBXFileReference; fileEncoding = 4; lastKnownFileType = sourcecode.swift; path = PlaylistCell.swift; sourceTree = "<group>"; };
		383A3ACC1FE02A000077E1DD /* AppIcon.appiconset */ = {isa = PBXFileReference; lastKnownFileType = folder; path = AppIcon.appiconset; sourceTree = "<group>"; };
		38401DD31F88CAB800EF64F1 /* PermissionVC.swift */ = {isa = PBXFileReference; fileEncoding = 4; lastKnownFileType = sourcecode.swift; path = PermissionVC.swift; sourceTree = "<group>"; };
		38401DF61F88EB9C00EF64F1 /* VolumeSlider.swift */ = {isa = PBXFileReference; fileEncoding = 4; lastKnownFileType = sourcecode.swift; path = VolumeSlider.swift; sourceTree = "<group>"; };
		38401DF81F88F16E00EF64F1 /* Colors.swift */ = {isa = PBXFileReference; fileEncoding = 4; lastKnownFileType = sourcecode.swift; path = Colors.swift; sourceTree = "<group>"; };
		3843ADBE1FBF39EA005E1C2F /* LyricsVC.swift */ = {isa = PBXFileReference; lastKnownFileType = sourcecode.swift; path = LyricsVC.swift; sourceTree = "<group>"; };
		3843ADC21FBF44A9005E1C2F /* SetRatingsVC.swift */ = {isa = PBXFileReference; lastKnownFileType = sourcecode.swift; path = SetRatingsVC.swift; sourceTree = "<group>"; };
		384BCD4F1F96140600D8ECFD /* PlumTabBarController.swift */ = {isa = PBXFileReference; fileEncoding = 4; lastKnownFileType = sourcecode.swift; path = PlumTabBarController.swift; sourceTree = "<group>"; };
		384F9BF01F7A647D0053E22C /* RemoteCommandManager.swift */ = {isa = PBXFileReference; fileEncoding = 4; lastKnownFileType = sourcecode.swift; path = RemoteCommandManager.swift; sourceTree = "<group>"; };
		3858254E1FA33A2800697186 /* SettingsStructs.swift */ = {isa = PBXFileReference; fileEncoding = 4; lastKnownFileType = sourcecode.swift; path = SettingsStructs.swift; sourceTree = "<group>"; };
		385825511FA33C8600697186 /* ArtistUpCell.swift */ = {isa = PBXFileReference; fileEncoding = 4; lastKnownFileType = sourcecode.swift; path = ArtistUpCell.swift; sourceTree = "<group>"; };
		3859213E1FA879D900CF9059 /* ArtistsVC.swift */ = {isa = PBXFileReference; fileEncoding = 4; lastKnownFileType = sourcecode.swift; path = ArtistsVC.swift; sourceTree = "<group>"; };
		385921401FA8869600CF9059 /* AlbumsVC.swift */ = {isa = PBXFileReference; fileEncoding = 4; lastKnownFileType = sourcecode.swift; path = AlbumsVC.swift; sourceTree = "<group>"; };
		385921421FA88A7600CF9059 /* SettingsVC.swift */ = {isa = PBXFileReference; fileEncoding = 4; lastKnownFileType = sourcecode.swift; path = SettingsVC.swift; sourceTree = "<group>"; };
		3859DFE21FC4B5EC00F188CE /* ScaleVC.swift */ = {isa = PBXFileReference; lastKnownFileType = sourcecode.swift; path = ScaleVC.swift; sourceTree = "<group>"; };
		386A5AC31FFFE06800934DA8 /* LNPopupController.framework */ = {isa = PBXFileReference; explicitFileType = wrapper.framework; path = LNPopupController.framework; sourceTree = BUILT_PRODUCTS_DIR; };
		386B22742000D77100C5DCC9 /* BigSlider.swift */ = {isa = PBXFileReference; lastKnownFileType = sourcecode.swift; path = BigSlider.swift; sourceTree = "<group>"; };
		386CD58C1F6FC3560075EFD9 /* artistAlbumCell.swift */ = {isa = PBXFileReference; fileEncoding = 4; lastKnownFileType = sourcecode.swift; path = artistAlbumCell.swift; sourceTree = "<group>"; };
		386CD58E1F6FC4350075EFD9 /* AlbumsByVC.swift */ = {isa = PBXFileReference; fileEncoding = 4; lastKnownFileType = sourcecode.swift; path = AlbumsByVC.swift; sourceTree = "<group>"; };
		3871BC221FBC3DD80027CA2A /* ColorsVC.swift */ = {isa = PBXFileReference; lastKnownFileType = sourcecode.swift; path = ColorsVC.swift; sourceTree = "<group>"; };
		3871BC251FBC42A30027CA2A /* ColorCell.swift */ = {isa = PBXFileReference; lastKnownFileType = sourcecode.swift; path = ColorCell.swift; sourceTree = "<group>"; };
		387678E41F7E99CE00F1AFD7 /* SongInAlbumCell.swift */ = {isa = PBXFileReference; fileEncoding = 4; lastKnownFileType = sourcecode.swift; path = SongInAlbumCell.swift; sourceTree = "<group>"; };
		3878D4F91FD7F91500A6C42B /* PlumWidget.appex */ = {isa = PBXFileReference; explicitFileType = "wrapper.app-extension"; includeInIndex = 0; path = PlumWidget.appex; sourceTree = BUILT_PRODUCTS_DIR; };
		3878D4FA1FD7F91500A6C42B /* NotificationCenter.framework */ = {isa = PBXFileReference; lastKnownFileType = wrapper.framework; name = NotificationCenter.framework; path = System/Library/Frameworks/NotificationCenter.framework; sourceTree = SDKROOT; };
		3878D4FD1FD7F91500A6C42B /* TodayViewController.swift */ = {isa = PBXFileReference; lastKnownFileType = sourcecode.swift; path = TodayViewController.swift; sourceTree = "<group>"; };
		3878D5001FD7F91500A6C42B /* Base */ = {isa = PBXFileReference; lastKnownFileType = file.storyboard; name = Base; path = Base.lproj/MainInterface.storyboard; sourceTree = "<group>"; };
		3878D5021FD7F91500A6C42B /* Info.plist */ = {isa = PBXFileReference; lastKnownFileType = text.plist.xml; path = Info.plist; sourceTree = "<group>"; };
		387C76B01FDD539300F4964E /* UpNextTabBarController.swift */ = {isa = PBXFileReference; lastKnownFileType = sourcecode.swift; path = UpNextTabBarController.swift; sourceTree = "<group>"; };
		388A60191FF28014009C5381 /* DummyVC.swift */ = {isa = PBXFileReference; fileEncoding = 4; lastKnownFileType = sourcecode.swift; path = DummyVC.swift; sourceTree = "<group>"; };
		389333A91FDDC117004A071B /* Plum-Bridging-Header.h */ = {isa = PBXFileReference; lastKnownFileType = sourcecode.c.h; path = "Plum-Bridging-Header.h"; sourceTree = "<group>"; };
		389333AA1FDDC118004A071B /* UIImage+ProportionalFill.h */ = {isa = PBXFileReference; fileEncoding = 4; lastKnownFileType = sourcecode.c.h; path = "UIImage+ProportionalFill.h"; sourceTree = "<group>"; };
		389333AB1FDDC118004A071B /* UIImage+Tint.h */ = {isa = PBXFileReference; fileEncoding = 4; lastKnownFileType = sourcecode.c.h; path = "UIImage+Tint.h"; sourceTree = "<group>"; };
		389333AC1FDDC118004A071B /* UIImage+ProportionalFill.m */ = {isa = PBXFileReference; fileEncoding = 4; lastKnownFileType = sourcecode.c.objc; path = "UIImage+ProportionalFill.m"; sourceTree = "<group>"; };
		389333AD1FDDC118004A071B /* UIImage+Tint.m */ = {isa = PBXFileReference; fileEncoding = 4; lastKnownFileType = sourcecode.c.objc; path = "UIImage+Tint.m"; sourceTree = "<group>"; };
		38944C9F1FA0EFA4005CB30C /* AlbumUpVC.swift */ = {isa = PBXFileReference; fileEncoding = 4; lastKnownFileType = sourcecode.swift; path = AlbumUpVC.swift; sourceTree = "<group>"; };
		38944CA21FA0F024005CB30C /* MediaPlayer.framework */ = {isa = PBXFileReference; lastKnownFileType = wrapper.framework; name = MediaPlayer.framework; path = System/Library/Frameworks/MediaPlayer.framework; sourceTree = SDKROOT; };
		38944CA41FA0F031005CB30C /* AVFoundation.framework */ = {isa = PBXFileReference; lastKnownFileType = wrapper.framework; name = AVFoundation.framework; path = System/Library/Frameworks/AVFoundation.framework; sourceTree = SDKROOT; };
		389859EC1FDDB89700E54E55 /* PlumVolumeView.swift */ = {isa = PBXFileReference; lastKnownFileType = sourcecode.swift; path = PlumVolumeView.swift; sourceTree = "<group>"; };
		389A24731FD87A7E0092F979 /* PlumWidget.entitlements */ = {isa = PBXFileReference; lastKnownFileType = text.plist.entitlements; path = PlumWidget.entitlements; sourceTree = "<group>"; };
		389A24741FD87AC00092F979 /* Plum.entitlements */ = {isa = PBXFileReference; lastKnownFileType = text.plist.entitlements; path = Plum.entitlements; sourceTree = "<group>"; };
		389A24761FD8871B0092F979 /* QueueCellLite.swift */ = {isa = PBXFileReference; lastKnownFileType = sourcecode.swift; path = QueueCellLite.swift; sourceTree = "<group>"; };
		38A12EA51F7270DB00E3E53E /* AlbumInfoCell.swift */ = {isa = PBXFileReference; fileEncoding = 4; lastKnownFileType = sourcecode.swift; path = AlbumInfoCell.swift; sourceTree = "<group>"; };
		38A12EA71F72834E00E3E53E /* QueueCell.swift */ = {isa = PBXFileReference; fileEncoding = 4; lastKnownFileType = sourcecode.swift; path = QueueCell.swift; sourceTree = "<group>"; };
		38AC0F4F1FDC54DC0049AD09 /* ArtistUpVCB.swift */ = {isa = PBXFileReference; lastKnownFileType = sourcecode.swift; path = ArtistUpVCB.swift; sourceTree = "<group>"; };
		38AF9C781F2F72A800FA73B8 /* Plum.swift */ = {isa = PBXFileReference; fileEncoding = 4; lastKnownFileType = sourcecode.swift; path = Plum.swift; sourceTree = "<group>"; };
		38C4BCA91F94BAF700DABE81 /* CollectionViewCell.swift */ = {isa = PBXFileReference; fileEncoding = 4; lastKnownFileType = sourcecode.swift; path = CollectionViewCell.swift; sourceTree = "<group>"; };
		38C83D5C1FDBFBD600C7D94E /* ArtistSongs.swift */ = {isa = PBXFileReference; lastKnownFileType = sourcecode.swift; path = ArtistSongs.swift; sourceTree = "<group>"; };
		38CB49471FE296A30054F23C /* FolderVC.swift */ = {isa = PBXFileReference; lastKnownFileType = sourcecode.swift; path = FolderVC.swift; sourceTree = "<group>"; };
		38CC1A141F9CAEA500B2AA8D /* IndexViews.swift */ = {isa = PBXFileReference; fileEncoding = 4; lastKnownFileType = sourcecode.swift; path = IndexViews.swift; sourceTree = "<group>"; };
		38D142561FB367CF003F08F5 /* SearchHeader.swift */ = {isa = PBXFileReference; fileEncoding = 4; lastKnownFileType = sourcecode.swift; path = SearchHeader.swift; sourceTree = "<group>"; };
		38E68ABD1F28C17500BFF4E2 /* Plum.app */ = {isa = PBXFileReference; explicitFileType = wrapper.application; includeInIndex = 0; path = Plum.app; sourceTree = BUILT_PRODUCTS_DIR; };
		38E68AC01F28C17500BFF4E2 /* AppDelegate.swift */ = {isa = PBXFileReference; lastKnownFileType = sourcecode.swift; path = AppDelegate.swift; sourceTree = "<group>"; };
		38E68AC51F28C17500BFF4E2 /* Base */ = {isa = PBXFileReference; lastKnownFileType = file.storyboard; name = Base; path = Base.lproj/Main.storyboard; sourceTree = "<group>"; };
		38E68AC71F28C17500BFF4E2 /* Assets.xcassets */ = {isa = PBXFileReference; lastKnownFileType = folder.assetcatalog; path = Assets.xcassets; sourceTree = "<group>"; };
		38E68ACA1F28C17500BFF4E2 /* Base */ = {isa = PBXFileReference; lastKnownFileType = file.storyboard; name = Base; path = Base.lproj/LaunchScreen.storyboard; sourceTree = "<group>"; };
		38E68ACC1F28C17500BFF4E2 /* Info.plist */ = {isa = PBXFileReference; lastKnownFileType = text.plist.xml; path = Info.plist; sourceTree = "<group>"; };
		38E7294D1F2F407900F35780 /* SongsVC.swift */ = {isa = PBXFileReference; fileEncoding = 4; lastKnownFileType = sourcecode.swift; path = SongsVC.swift; sourceTree = "<group>"; };
		38E7294F1F2F40B600F35780 /* musicQuery.swift */ = {isa = PBXFileReference; fileEncoding = 4; lastKnownFileType = sourcecode.swift; path = musicQuery.swift; sourceTree = "<group>"; };
		38E729511F2F422900F35780 /* SongCell.swift */ = {isa = PBXFileReference; fileEncoding = 4; lastKnownFileType = sourcecode.swift; path = SongCell.swift; sourceTree = "<group>"; };
		38E98BC21F70177200D29FB4 /* Ext.swift */ = {isa = PBXFileReference; fileEncoding = 4; lastKnownFileType = sourcecode.swift; path = Ext.swift; sourceTree = "<group>"; };
		38F0BDA61FAB1CA90028008B /* PlaylistsVC.swift */ = {isa = PBXFileReference; fileEncoding = 4; lastKnownFileType = sourcecode.swift; path = PlaylistsVC.swift; sourceTree = "<group>"; };
		38F0BDA91FAB2DED0028008B /* PlaylistVC.swift */ = {isa = PBXFileReference; fileEncoding = 4; lastKnownFileType = sourcecode.swift; path = PlaylistVC.swift; sourceTree = "<group>"; };
		38F722EB1FC0409900A45CF9 /* QueueVC.swift */ = {isa = PBXFileReference; lastKnownFileType = sourcecode.swift; path = QueueVC.swift; sourceTree = "<group>"; };
		38FD26DE1F9F57B3005BE3DF /* SearchVC.swift */ = {isa = PBXFileReference; fileEncoding = 4; lastKnownFileType = sourcecode.swift; path = SearchVC.swift; sourceTree = "<group>"; };
		38FFA1371F83DD950079FF4B /* ArtistCell.swift */ = {isa = PBXFileReference; fileEncoding = 4; lastKnownFileType = sourcecode.swift; path = ArtistCell.swift; sourceTree = "<group>"; };
/* End PBXFileReference section */

/* Begin PBXFrameworksBuildPhase section */
		3878D4F61FD7F91500A6C42B /* Frameworks */ = {
			isa = PBXFrameworksBuildPhase;
			buildActionMask = 2147483647;
			files = (
				3878D4FB1FD7F91500A6C42B /* NotificationCenter.framework in Frameworks */,
			);
			runOnlyForDeploymentPostprocessing = 0;
		};
		38E68ABA1F28C17500BFF4E2 /* Frameworks */ = {
			isa = PBXFrameworksBuildPhase;
			buildActionMask = 2147483647;
			files = (
				380C2EBA1FB1AE6400A6731B /* AudioToolbox.framework in Frameworks */,
				38944CA31FA0F024005CB30C /* MediaPlayer.framework in Frameworks */,
				386A5AC41FFFE06800934DA8 /* LNPopupController.framework in Frameworks */,
			);
			runOnlyForDeploymentPostprocessing = 0;
		};
/* End PBXFrameworksBuildPhase section */

/* Begin PBXGroup section */
		3878D4FC1FD7F91500A6C42B /* PlumWidget */ = {
			isa = PBXGroup;
			children = (
				389A24731FD87A7E0092F979 /* PlumWidget.entitlements */,
				3878D4FD1FD7F91500A6C42B /* TodayViewController.swift */,
				3878D4FF1FD7F91500A6C42B /* MainInterface.storyboard */,
				3878D5021FD7F91500A6C42B /* Info.plist */,
			);
			path = PlumWidget;
			sourceTree = "<group>";
		};
		389333A81FDDC109004A071B /* MGImage */ = {
			isa = PBXGroup;
			children = (
				389333AA1FDDC118004A071B /* UIImage+ProportionalFill.h */,
				389333AC1FDDC118004A071B /* UIImage+ProportionalFill.m */,
				389333AB1FDDC118004A071B /* UIImage+Tint.h */,
				389333AD1FDDC118004A071B /* UIImage+Tint.m */,
				389333A91FDDC117004A071B /* Plum-Bridging-Header.h */,
			);
			path = MGImage;
			sourceTree = "<group>";
		};
		38944CA11FA0F024005CB30C /* Frameworks */ = {
			isa = PBXGroup;
			children = (
				380C2EB91FB1AE6400A6731B /* AudioToolbox.framework */,
				38944CA41FA0F031005CB30C /* AVFoundation.framework */,
				38944CA21FA0F024005CB30C /* MediaPlayer.framework */,
				3878D4FA1FD7F91500A6C42B /* NotificationCenter.framework */,
			);
			name = Frameworks;
			sourceTree = "<group>";
		};
		38BB692C1FC5F0880097F6E7 /* Cell */ = {
			isa = PBXGroup;
			children = (
				38121E9C1FA07A1700C2A3BD /* AlbumCell.swift */,
				38121EA21FA0856400C2A3BD /* AlbumsCollectionCell.swift */,
				38C4BCA91F94BAF700DABE81 /* CollectionViewCell.swift */,
				3822211D1FA5EA4000004B21 /* QueueActionsCell.swift */,
				38E729511F2F422900F35780 /* SongCell.swift */,
				38A12EA51F7270DB00E3E53E /* AlbumInfoCell.swift */,
				386CD58C1F6FC3560075EFD9 /* artistAlbumCell.swift */,
				38A12EA71F72834E00E3E53E /* QueueCell.swift */,
				3812DEEC1F7D2E5600DA9840 /* AlbumSectionCell.swift */,
				38345F451FABBBCA003DA1F2 /* PlaylistCell.swift */,
				387678E41F7E99CE00F1AFD7 /* SongInAlbumCell.swift */,
				385825511FA33C8600697186 /* ArtistUpCell.swift */,
				38FFA1371F83DD950079FF4B /* ArtistCell.swift */,
				38D142561FB367CF003F08F5 /* SearchHeader.swift */,
				3803CD531FBB5B1A009F5EA8 /* SearchCell.swift */,
				3871BC251FBC42A30027CA2A /* ColorCell.swift */,
				3801C6091FC83DDA00EFBC52 /* CollectionActionCell.swift */,
				389A24761FD8871B0092F979 /* QueueCellLite.swift */,
				382D68191FFD34C600C51BC2 /* ShuffleCell.swift */,
			);
			path = Cell;
			sourceTree = "<group>";
		};
		38BB692D1FC5F09B0097F6E7 /* Extensions */ = {
			isa = PBXGroup;
			children = (
				38E98BC21F70177200D29FB4 /* Ext.swift */,
				38401DF81F88F16E00EF64F1 /* Colors.swift */,
				38401DF61F88EB9C00EF64F1 /* VolumeSlider.swift */,
				386B22742000D77100C5DCC9 /* BigSlider.swift */,
			);
			path = Extensions;
			sourceTree = "<group>";
		};
		38BB692E1FC5F0AB0097F6E7 /* Controller */ = {
			isa = PBXGroup;
			children = (
				384BCD4F1F96140600D8ECFD /* PlumTabBarController.swift */,
				387C76B01FDD539300F4964E /* UpNextTabBarController.swift */,
				389859EC1FDDB89700E54E55 /* PlumVolumeView.swift */,
			);
			path = Controller;
			sourceTree = "<group>";
		};
		38BB692F1FC5F0B60097F6E7 /* Views */ = {
			isa = PBXGroup;
			children = (
				38BB693A1FC5F1260097F6E7 /* Now Playing */,
				38BB69391FC5F11D0097F6E7 /* Albums */,
				38BB69381FC5F1160097F6E7 /* Artists */,
				38BB69371FC5F10E0097F6E7 /* Playlists */,
				38BB69361FC5F1080097F6E7 /* Songs */,
				38BB69341FC5F0F90097F6E7 /* Settings */,
				38BB69331FC5F0F20097F6E7 /* Search */,
				38BB69321FC5F0E90097F6E7 /* Small Views */,
			);
			path = Views;
			sourceTree = "<group>";
		};
		38BB69301FC5F0C20097F6E7 /* Classes */ = {
			isa = PBXGroup;
			children = (
				389333A81FDDC109004A071B /* MGImage */,
				38E7294F1F2F40B600F35780 /* musicQuery.swift */,
				38AF9C781F2F72A800FA73B8 /* Plum.swift */,
				384F9BF01F7A647D0053E22C /* RemoteCommandManager.swift */,
				3858254E1FA33A2800697186 /* SettingsStructs.swift */,
				382D68111FFD2BCF00C51BC2 /* Artist.swift */,
				382D68131FFD2BD900C51BC2 /* Playlist.swift */,
				382D68151FFD2BE600C51BC2 /* AlbumB.swift */,
			);
			path = Classes;
			sourceTree = "<group>";
		};
		38BB69321FC5F0E90097F6E7 /* Small Views */ = {
			isa = PBXGroup;
			children = (
				38CC1A141F9CAEA500B2AA8D /* IndexViews.swift */,
				3817D0DA1FE1780300659C9C /* BlurView.swift */,
			);
			path = "Small Views";
			sourceTree = "<group>";
		};
		38BB69331FC5F0F20097F6E7 /* Search */ = {
			isa = PBXGroup;
			children = (
				38FD26DE1F9F57B3005BE3DF /* SearchVC.swift */,
			);
			path = Search;
			sourceTree = "<group>";
		};
		38BB69341FC5F0F90097F6E7 /* Settings */ = {
			isa = PBXGroup;
			children = (
				38401DD31F88CAB800EF64F1 /* PermissionVC.swift */,
				385921421FA88A7600CF9059 /* SettingsVC.swift */,
				3871BC221FBC3DD80027CA2A /* ColorsVC.swift */,
				3843ADBE1FBF39EA005E1C2F /* LyricsVC.swift */,
				3843ADC21FBF44A9005E1C2F /* SetRatingsVC.swift */,
				3859DFE21FC4B5EC00F188CE /* ScaleVC.swift */,
			);
			path = Settings;
			sourceTree = "<group>";
		};
		38BB69361FC5F1080097F6E7 /* Songs */ = {
			isa = PBXGroup;
			children = (
				38E7294D1F2F407900F35780 /* SongsVC.swift */,
			);
			path = Songs;
			sourceTree = "<group>";
		};
		38BB69371FC5F10E0097F6E7 /* Playlists */ = {
			isa = PBXGroup;
			children = (
				38F0BDA61FAB1CA90028008B /* PlaylistsVC.swift */,
				38F0BDA91FAB2DED0028008B /* PlaylistVC.swift */,
				38CB49471FE296A30054F23C /* FolderVC.swift */,
			);
			path = Playlists;
			sourceTree = "<group>";
		};
		38BB69381FC5F1160097F6E7 /* Artists */ = {
			isa = PBXGroup;
			children = (
				3859213E1FA879D900CF9059 /* ArtistsVC.swift */,
				386CD58E1F6FC4350075EFD9 /* AlbumsByVC.swift */,
				38C83D5C1FDBFBD600C7D94E /* ArtistSongs.swift */,
			);
			path = Artists;
			sourceTree = "<group>";
		};
		38BB69391FC5F11D0097F6E7 /* Albums */ = {
			isa = PBXGroup;
			children = (
				385921401FA8869600CF9059 /* AlbumsVC.swift */,
				38121E9E1FA07CBE00C2A3BD /* AlbumVC.swift */,
			);
			path = Albums;
			sourceTree = "<group>";
		};
		38BB693A1FC5F1260097F6E7 /* Now Playing */ = {
			isa = PBXGroup;
			children = (
				38944C9F1FA0EFA4005CB30C /* AlbumUpVC.swift */,
				3801102B1FC4595300B3F35B /* EightNowPlayingVC.swift */,
				38F722EB1FC0409900A45CF9 /* QueueVC.swift */,
				38AC0F4F1FDC54DC0049AD09 /* ArtistUpVCB.swift */,
				388A60191FF28014009C5381 /* DummyVC.swift */,
			);
			path = "Now Playing";
			sourceTree = "<group>";
		};
		38E68AB41F28C17500BFF4E2 = {
			isa = PBXGroup;
			children = (
				386A5AC31FFFE06800934DA8 /* LNPopupController.framework */,
				38E68ABF1F28C17500BFF4E2 /* Plum */,
				3878D4FC1FD7F91500A6C42B /* PlumWidget */,
				38E68ABE1F28C17500BFF4E2 /* Products */,
				38944CA11FA0F024005CB30C /* Frameworks */,
			);
			sourceTree = "<group>";
		};
		38E68ABE1F28C17500BFF4E2 /* Products */ = {
			isa = PBXGroup;
			children = (
				38E68ABD1F28C17500BFF4E2 /* Plum.app */,
				3878D4F91FD7F91500A6C42B /* PlumWidget.appex */,
			);
			name = Products;
			sourceTree = "<group>";
		};
		38E68ABF1F28C17500BFF4E2 /* Plum */ = {
			isa = PBXGroup;
			children = (
				389A24741FD87AC00092F979 /* Plum.entitlements */,
				38BB692C1FC5F0880097F6E7 /* Cell */,
				38BB692D1FC5F09B0097F6E7 /* Extensions */,
				38BB692E1FC5F0AB0097F6E7 /* Controller */,
				38BB692F1FC5F0B60097F6E7 /* Views */,
				38BB69301FC5F0C20097F6E7 /* Classes */,
				38E68AC01F28C17500BFF4E2 /* AppDelegate.swift */,
				38E68AC41F28C17500BFF4E2 /* Main.storyboard */,
				38E68AC71F28C17500BFF4E2 /* Assets.xcassets */,
				383A3ACC1FE02A000077E1DD /* AppIcon.appiconset */,
				38E68AC91F28C17500BFF4E2 /* LaunchScreen.storyboard */,
				38E68ACC1F28C17500BFF4E2 /* Info.plist */,
				382D680F1FFD2B0700C51BC2 /* initPlum.m4a */,
			);
			path = Plum;
			sourceTree = "<group>";
		};
/* End PBXGroup section */

/* Begin PBXNativeTarget section */
		3878D4F81FD7F91500A6C42B /* PlumWidget */ = {
			isa = PBXNativeTarget;
			buildConfigurationList = 3878D5081FD7F91500A6C42B /* Build configuration list for PBXNativeTarget "PlumWidget" */;
			buildPhases = (
				3878D4F51FD7F91500A6C42B /* Sources */,
				3878D4F61FD7F91500A6C42B /* Frameworks */,
				3878D4F71FD7F91500A6C42B /* Resources */,
			);
			buildRules = (
			);
			dependencies = (
			);
			name = PlumWidget;
			productName = PlumWidget;
			productReference = 3878D4F91FD7F91500A6C42B /* PlumWidget.appex */;
			productType = "com.apple.product-type.app-extension";
		};
		38E68ABC1F28C17500BFF4E2 /* Plum */ = {
			isa = PBXNativeTarget;
			buildConfigurationList = 38E68ACF1F28C17500BFF4E2 /* Build configuration list for PBXNativeTarget "Plum" */;
			buildPhases = (
				38E68AB91F28C17500BFF4E2 /* Sources */,
				38E68ABA1F28C17500BFF4E2 /* Frameworks */,
				38E68ABB1F28C17500BFF4E2 /* Resources */,
				38DB703A1FB86B3100FC2235 /* Embed Frameworks */,
				3878D5091FD7F91500A6C42B /* Embed App Extensions */,
			);
			buildRules = (
			);
			dependencies = (
				3878D5041FD7F91500A6C42B /* PBXTargetDependency */,
			);
			name = Plum;
			productName = myPlayer;
			productReference = 38E68ABD1F28C17500BFF4E2 /* Plum.app */;
			productType = "com.apple.product-type.application";
		};
/* End PBXNativeTarget section */

/* Begin PBXProject section */
		38E68AB51F28C17500BFF4E2 /* Project object */ = {
			isa = PBXProject;
			attributes = {
				LastSwiftUpdateCheck = 0910;
				LastUpgradeCheck = 0910;
				ORGANIZATIONNAME = "Adam Wienconek";
				TargetAttributes = {
					3878D4F81FD7F91500A6C42B = {
						CreatedOnToolsVersion = 9.1;
						DevelopmentTeam = 5346R7RC8E;
						ProvisioningStyle = Manual;
						SystemCapabilities = {
							com.apple.ApplicationGroups.iOS = {
								enabled = 1;
							};
						};
					};
					38E68ABC1F28C17500BFF4E2 = {
						CreatedOnToolsVersion = 8.3.3;
						DevelopmentTeam = 5346R7RC8E;
						LastSwiftMigration = 0910;
						ProvisioningStyle = Manual;
						SystemCapabilities = {
							com.apple.ApplicationGroups.iOS = {
								enabled = 1;
							};
							com.apple.BackgroundModes = {
								enabled = 1;
							};
						};
					};
				};
			};
			buildConfigurationList = 38E68AB81F28C17500BFF4E2 /* Build configuration list for PBXProject "Plum" */;
			compatibilityVersion = "Xcode 3.2";
			developmentRegion = English;
			hasScannedForEncodings = 0;
			knownRegions = (
				en,
				Base,
			);
			mainGroup = 38E68AB41F28C17500BFF4E2;
			productRefGroup = 38E68ABE1F28C17500BFF4E2 /* Products */;
			projectDirPath = "";
			projectRoot = "";
			targets = (
				38E68ABC1F28C17500BFF4E2 /* Plum */,
				3878D4F81FD7F91500A6C42B /* PlumWidget */,
			);
		};
/* End PBXProject section */

/* Begin PBXResourcesBuildPhase section */
		3878D4F71FD7F91500A6C42B /* Resources */ = {
			isa = PBXResourcesBuildPhase;
			buildActionMask = 2147483647;
			files = (
				3878D5011FD7F91500A6C42B /* MainInterface.storyboard in Resources */,
			);
			runOnlyForDeploymentPostprocessing = 0;
		};
		38E68ABB1F28C17500BFF4E2 /* Resources */ = {
			isa = PBXResourcesBuildPhase;
			buildActionMask = 2147483647;
			files = (
				38E68ACB1F28C17500BFF4E2 /* LaunchScreen.storyboard in Resources */,
				38E68AC81F28C17500BFF4E2 /* Assets.xcassets in Resources */,
				383A3ACD1FE02A000077E1DD /* AppIcon.appiconset in Resources */,
				382D68101FFD2B1200C51BC2 /* initPlum.m4a in Resources */,
				38E68AC61F28C17500BFF4E2 /* Main.storyboard in Resources */,
			);
			runOnlyForDeploymentPostprocessing = 0;
		};
/* End PBXResourcesBuildPhase section */

/* Begin PBXSourcesBuildPhase section */
		3878D4F51FD7F91500A6C42B /* Sources */ = {
			isa = PBXSourcesBuildPhase;
			buildActionMask = 2147483647;
			files = (
				3878D4FE1FD7F91500A6C42B /* TodayViewController.swift in Sources */,
				389A24781FD8872D0092F979 /* QueueCellLite.swift in Sources */,
			);
			runOnlyForDeploymentPostprocessing = 0;
		};
		38E68AB91F28C17500BFF4E2 /* Sources */ = {
			isa = PBXSourcesBuildPhase;
			buildActionMask = 2147483647;
			files = (
				3803CD541FBB5B1A009F5EA8 /* SearchCell.swift in Sources */,
				3817D0DB1FE1780300659C9C /* BlurView.swift in Sources */,
				38121EA31FA0856400C2A3BD /* AlbumsCollectionCell.swift in Sources */,
				38E729521F2F422900F35780 /* SongCell.swift in Sources */,
				38FFA1381F83DD950079FF4B /* ArtistCell.swift in Sources */,
				386CD58D1F6FC3560075EFD9 /* artistAlbumCell.swift in Sources */,
				38D142571FB367CF003F08F5 /* SearchHeader.swift in Sources */,
				382D68161FFD2BE600C51BC2 /* AlbumB.swift in Sources */,
				386CD58F1F6FC4350075EFD9 /* AlbumsByVC.swift in Sources */,
				389333AE1FDDC118004A071B /* UIImage+ProportionalFill.m in Sources */,
				3859DFE31FC4B5EC00F188CE /* ScaleVC.swift in Sources */,
				384BCD501F96140600D8ECFD /* PlumTabBarController.swift in Sources */,
				3871BC261FBC42A30027CA2A /* ColorCell.swift in Sources */,
				389333AF1FDDC118004A071B /* UIImage+Tint.m in Sources */,
				38CB49481FE296A30054F23C /* FolderVC.swift in Sources */,
				3843ADBF1FBF39EA005E1C2F /* LyricsVC.swift in Sources */,
				385825521FA33C8600697186 /* ArtistUpCell.swift in Sources */,
				38C83D5D1FDBFBD600C7D94E /* ArtistSongs.swift in Sources */,
				38E98BC31F70177200D29FB4 /* Ext.swift in Sources */,
				38AF9C791F2F72A800FA73B8 /* Plum.swift in Sources */,
				3858254F1FA33A2800697186 /* SettingsStructs.swift in Sources */,
				38C4BCAA1F94BAF700DABE81 /* CollectionViewCell.swift in Sources */,
				38CC1A151F9CAEA500B2AA8D /* IndexViews.swift in Sources */,
				3843ADC31FBF44A9005E1C2F /* SetRatingsVC.swift in Sources */,
				38F0BDAA1FAB2DED0028008B /* PlaylistVC.swift in Sources */,
				3871BC231FBC3DD80027CA2A /* ColorsVC.swift in Sources */,
				385921411FA8869600CF9059 /* AlbumsVC.swift in Sources */,
				382D681A1FFD34C600C51BC2 /* ShuffleCell.swift in Sources */,
				3801102C1FC4595300B3F35B /* EightNowPlayingVC.swift in Sources */,
				38E68AC11F28C17500BFF4E2 /* AppDelegate.swift in Sources */,
				384F9BF21F7A647E0053E22C /* RemoteCommandManager.swift in Sources */,
				3801C60A1FC83DDA00EFBC52 /* CollectionActionCell.swift in Sources */,
				38121E9F1FA07CBE00C2A3BD /* AlbumVC.swift in Sources */,
				38A12EA61F7270DB00E3E53E /* AlbumInfoCell.swift in Sources */,
				38F722EC1FC0409900A45CF9 /* QueueVC.swift in Sources */,
				38E729501F2F40B600F35780 /* musicQuery.swift in Sources */,
				38345F461FABBBCA003DA1F2 /* PlaylistCell.swift in Sources */,
				38121E9D1FA07A1700C2A3BD /* AlbumCell.swift in Sources */,
				387C76B11FDD539300F4964E /* UpNextTabBarController.swift in Sources */,
				388A601A1FF28015009C5381 /* DummyVC.swift in Sources */,
				389859ED1FDDB89700E54E55 /* PlumVolumeView.swift in Sources */,
				3822211E1FA5EA4000004B21 /* QueueActionsCell.swift in Sources */,
				38944CA01FA0EFA4005CB30C /* AlbumUpVC.swift in Sources */,
				3859213F1FA879D900CF9059 /* ArtistsVC.swift in Sources */,
				3806FD3B1FD9D74900519AA4 /* TodayViewController.swift in Sources */,
				389A24791FD8874E0092F979 /* QueueCellLite.swift in Sources */,
				387678E51F7E99CE00F1AFD7 /* SongInAlbumCell.swift in Sources */,
				385921431FA88A7600CF9059 /* SettingsVC.swift in Sources */,
				3812DEED1F7D2E5600DA9840 /* AlbumSectionCell.swift in Sources */,
				38401DF71F88EB9C00EF64F1 /* VolumeSlider.swift in Sources */,
				38FD26DF1F9F57B3005BE3DF /* SearchVC.swift in Sources */,
				386B22752000D77100C5DCC9 /* BigSlider.swift in Sources */,
				382D68141FFD2BD900C51BC2 /* Playlist.swift in Sources */,
				38401DF91F88F16E00EF64F1 /* Colors.swift in Sources */,
				382D68121FFD2BCF00C51BC2 /* Artist.swift in Sources */,
				38F0BDA71FAB1CA90028008B /* PlaylistsVC.swift in Sources */,
				38AC0F501FDC54DC0049AD09 /* ArtistUpVCB.swift in Sources */,
				38E7294E1F2F407900F35780 /* SongsVC.swift in Sources */,
				38A12EA81F72834E00E3E53E /* QueueCell.swift in Sources */,
				38401DD41F88CAB800EF64F1 /* PermissionVC.swift in Sources */,
			);
			runOnlyForDeploymentPostprocessing = 0;
		};
/* End PBXSourcesBuildPhase section */

/* Begin PBXTargetDependency section */
		3878D5041FD7F91500A6C42B /* PBXTargetDependency */ = {
			isa = PBXTargetDependency;
			target = 3878D4F81FD7F91500A6C42B /* PlumWidget */;
			targetProxy = 3878D5031FD7F91500A6C42B /* PBXContainerItemProxy */;
		};
/* End PBXTargetDependency section */

/* Begin PBXVariantGroup section */
		3878D4FF1FD7F91500A6C42B /* MainInterface.storyboard */ = {
			isa = PBXVariantGroup;
			children = (
				3878D5001FD7F91500A6C42B /* Base */,
			);
			name = MainInterface.storyboard;
			sourceTree = "<group>";
		};
		38E68AC41F28C17500BFF4E2 /* Main.storyboard */ = {
			isa = PBXVariantGroup;
			children = (
				38E68AC51F28C17500BFF4E2 /* Base */,
			);
			name = Main.storyboard;
			sourceTree = "<group>";
		};
		38E68AC91F28C17500BFF4E2 /* LaunchScreen.storyboard */ = {
			isa = PBXVariantGroup;
			children = (
				38E68ACA1F28C17500BFF4E2 /* Base */,
			);
			name = LaunchScreen.storyboard;
			sourceTree = "<group>";
		};
/* End PBXVariantGroup section */

/* Begin XCBuildConfiguration section */
		3878D5061FD7F91500A6C42B /* Debug */ = {
			isa = XCBuildConfiguration;
			buildSettings = {
				CLANG_CXX_LANGUAGE_STANDARD = "gnu++14";
				CLANG_WARN_UNGUARDED_AVAILABILITY = YES_AGGRESSIVE;
				CODE_SIGN_ENTITLEMENTS = PlumWidget/PlumWidget.entitlements;
				CODE_SIGN_IDENTITY = "iPhone Developer: ADAM WIENCONEK (NFU8AEPKAC)";
				"CODE_SIGN_IDENTITY[sdk=iphoneos*]" = "iPhone Developer: ADAM WIENCONEK (NFU8AEPKAC)";
				CODE_SIGN_STYLE = Manual;
				DEVELOPMENT_TEAM = 5346R7RC8E;
				GCC_C_LANGUAGE_STANDARD = gnu11;
				INFOPLIST_FILE = PlumWidget/Info.plist;
				IPHONEOS_DEPLOYMENT_TARGET = 10.0;
				LD_RUNPATH_SEARCH_PATHS = "$(inherited) @executable_path/Frameworks @executable_path/../../Frameworks";
				PRODUCT_BUNDLE_IDENTIFIER = com.wiencheck.plum.upnext;
				PRODUCT_NAME = "$(TARGET_NAME)";
				PROVISIONING_PROFILE = "";
				PROVISIONING_PROFILE_SPECIFIER = PlumWidgetDevelopment;
				SKIP_INSTALL = YES;
				SWIFT_VERSION = 4.0;
				TARGETED_DEVICE_FAMILY = 1;
			};
			name = Debug;
		};
		3878D5071FD7F91500A6C42B /* Release */ = {
			isa = XCBuildConfiguration;
			buildSettings = {
				CLANG_CXX_LANGUAGE_STANDARD = "gnu++14";
				CLANG_WARN_UNGUARDED_AVAILABILITY = YES_AGGRESSIVE;
				CODE_SIGN_ENTITLEMENTS = PlumWidget/PlumWidget.entitlements;
				CODE_SIGN_IDENTITY = "iPhone Distribution: ADAM WIENCONEK (5346R7RC8E)";
				"CODE_SIGN_IDENTITY[sdk=iphoneos*]" = "iPhone Distribution: ADAM WIENCONEK (5346R7RC8E)";
				CODE_SIGN_STYLE = Manual;
				DEVELOPMENT_TEAM = 5346R7RC8E;
				GCC_C_LANGUAGE_STANDARD = gnu11;
				INFOPLIST_FILE = PlumWidget/Info.plist;
				IPHONEOS_DEPLOYMENT_TARGET = 10.0;
				LD_RUNPATH_SEARCH_PATHS = "$(inherited) @executable_path/Frameworks @executable_path/../../Frameworks";
				PRODUCT_BUNDLE_IDENTIFIER = com.wiencheck.plum.upnext;
				PRODUCT_NAME = "$(TARGET_NAME)";
				PROVISIONING_PROFILE = "";
				PROVISIONING_PROFILE_SPECIFIER = PlumWidgetDistribution;
				SKIP_INSTALL = YES;
				SWIFT_VERSION = 4.0;
				TARGETED_DEVICE_FAMILY = 1;
			};
			name = Release;
		};
		38E68ACD1F28C17500BFF4E2 /* Debug */ = {
			isa = XCBuildConfiguration;
			buildSettings = {
				ALWAYS_SEARCH_USER_PATHS = NO;
				CLANG_ANALYZER_NONNULL = YES;
				CLANG_ANALYZER_NUMBER_OBJECT_CONVERSION = YES_AGGRESSIVE;
				CLANG_CXX_LANGUAGE_STANDARD = "gnu++0x";
				CLANG_CXX_LIBRARY = "libc++";
				CLANG_ENABLE_MODULES = YES;
				CLANG_ENABLE_OBJC_ARC = YES;
				CLANG_WARN_BLOCK_CAPTURE_AUTORELEASING = YES;
				CLANG_WARN_BOOL_CONVERSION = YES;
				CLANG_WARN_COMMA = YES;
				CLANG_WARN_CONSTANT_CONVERSION = YES;
				CLANG_WARN_DIRECT_OBJC_ISA_USAGE = YES_ERROR;
				CLANG_WARN_DOCUMENTATION_COMMENTS = YES;
				CLANG_WARN_EMPTY_BODY = YES;
				CLANG_WARN_ENUM_CONVERSION = YES;
				CLANG_WARN_INFINITE_RECURSION = YES;
				CLANG_WARN_INT_CONVERSION = YES;
				CLANG_WARN_NON_LITERAL_NULL_CONVERSION = YES;
				CLANG_WARN_OBJC_LITERAL_CONVERSION = YES;
				CLANG_WARN_OBJC_ROOT_CLASS = YES_ERROR;
				CLANG_WARN_RANGE_LOOP_ANALYSIS = YES;
				CLANG_WARN_STRICT_PROTOTYPES = YES;
				CLANG_WARN_SUSPICIOUS_MOVE = YES;
				CLANG_WARN_UNREACHABLE_CODE = YES;
				CLANG_WARN__DUPLICATE_METHOD_MATCH = YES;
				CODE_SIGN_IDENTITY = "iPhone Developer: ADAM WIENCONEK (NFU8AEPKAC)";
				"CODE_SIGN_IDENTITY[sdk=iphoneos*]" = "iPhone Developer: ADAM WIENCONEK (NFU8AEPKAC)";
				CODE_SIGN_STYLE = Manual;
				COPY_PHASE_STRIP = NO;
				DEBUG_INFORMATION_FORMAT = dwarf;
				DEVELOPMENT_TEAM = 5346R7RC8E;
				ENABLE_STRICT_OBJC_MSGSEND = YES;
				ENABLE_TESTABILITY = YES;
				FRAMEWORK_SEARCH_PATHS = "$(SRCROOT)/**";
				GCC_C_LANGUAGE_STANDARD = gnu99;
				GCC_DYNAMIC_NO_PIC = NO;
				GCC_NO_COMMON_BLOCKS = YES;
				GCC_OPTIMIZATION_LEVEL = 0;
				GCC_PREPROCESSOR_DEFINITIONS = (
					"DEBUG=1",
					"$(inherited)",
				);
				GCC_WARN_64_TO_32_BIT_CONVERSION = YES;
				GCC_WARN_ABOUT_RETURN_TYPE = YES_ERROR;
				GCC_WARN_UNDECLARED_SELECTOR = YES;
				GCC_WARN_UNINITIALIZED_AUTOS = YES_AGGRESSIVE;
				GCC_WARN_UNUSED_FUNCTION = YES;
				GCC_WARN_UNUSED_VARIABLE = YES;
				IPHONEOS_DEPLOYMENT_TARGET = 10.0;
				MTL_ENABLE_DEBUG_INFO = YES;
				ONLY_ACTIVE_ARCH = NO;
				PROVISIONING_PROFILE = "";
				SDKROOT = iphoneos;
				SWIFT_ACTIVE_COMPILATION_CONDITIONS = DEBUG;
				SWIFT_OPTIMIZATION_LEVEL = "-Onone";
				TARGETED_DEVICE_FAMILY = "1,2";
			};
			name = Debug;
		};
		38E68ACE1F28C17500BFF4E2 /* Release */ = {
			isa = XCBuildConfiguration;
			buildSettings = {
				ALWAYS_SEARCH_USER_PATHS = NO;
				CLANG_ANALYZER_NONNULL = YES;
				CLANG_ANALYZER_NUMBER_OBJECT_CONVERSION = YES_AGGRESSIVE;
				CLANG_CXX_LANGUAGE_STANDARD = "gnu++0x";
				CLANG_CXX_LIBRARY = "libc++";
				CLANG_ENABLE_MODULES = YES;
				CLANG_ENABLE_OBJC_ARC = YES;
				CLANG_WARN_BLOCK_CAPTURE_AUTORELEASING = YES;
				CLANG_WARN_BOOL_CONVERSION = YES;
				CLANG_WARN_COMMA = YES;
				CLANG_WARN_CONSTANT_CONVERSION = YES;
				CLANG_WARN_DIRECT_OBJC_ISA_USAGE = YES_ERROR;
				CLANG_WARN_DOCUMENTATION_COMMENTS = YES;
				CLANG_WARN_EMPTY_BODY = YES;
				CLANG_WARN_ENUM_CONVERSION = YES;
				CLANG_WARN_INFINITE_RECURSION = YES;
				CLANG_WARN_INT_CONVERSION = YES;
				CLANG_WARN_NON_LITERAL_NULL_CONVERSION = YES;
				CLANG_WARN_OBJC_LITERAL_CONVERSION = YES;
				CLANG_WARN_OBJC_ROOT_CLASS = YES_ERROR;
				CLANG_WARN_RANGE_LOOP_ANALYSIS = YES;
				CLANG_WARN_STRICT_PROTOTYPES = YES;
				CLANG_WARN_SUSPICIOUS_MOVE = YES;
				CLANG_WARN_UNREACHABLE_CODE = YES;
				CLANG_WARN__DUPLICATE_METHOD_MATCH = YES;
				CODE_SIGN_IDENTITY = "iPhone Distribution: ADAM WIENCONEK (5346R7RC8E)";
				"CODE_SIGN_IDENTITY[sdk=iphoneos*]" = "iPhone Distribution: ADAM WIENCONEK (5346R7RC8E)";
				CODE_SIGN_STYLE = Manual;
				COPY_PHASE_STRIP = NO;
				DEBUG_INFORMATION_FORMAT = "dwarf-with-dsym";
				DEVELOPMENT_TEAM = 5346R7RC8E;
				ENABLE_NS_ASSERTIONS = NO;
				ENABLE_STRICT_OBJC_MSGSEND = YES;
				FRAMEWORK_SEARCH_PATHS = "$(SRCROOT)/**";
				GCC_C_LANGUAGE_STANDARD = gnu99;
				GCC_NO_COMMON_BLOCKS = YES;
				GCC_WARN_64_TO_32_BIT_CONVERSION = YES;
				GCC_WARN_ABOUT_RETURN_TYPE = YES_ERROR;
				GCC_WARN_UNDECLARED_SELECTOR = YES;
				GCC_WARN_UNINITIALIZED_AUTOS = YES_AGGRESSIVE;
				GCC_WARN_UNUSED_FUNCTION = YES;
				GCC_WARN_UNUSED_VARIABLE = YES;
				IPHONEOS_DEPLOYMENT_TARGET = 10.0;
				MTL_ENABLE_DEBUG_INFO = NO;
				ONLY_ACTIVE_ARCH = YES;
				PROVISIONING_PROFILE = "";
				SDKROOT = iphoneos;
				SWIFT_OPTIMIZATION_LEVEL = "-Owholemodule";
				TARGETED_DEVICE_FAMILY = "1,2";
				VALIDATE_PRODUCT = YES;
			};
			name = Release;
		};
		38E68AD01F28C17500BFF4E2 /* Debug */ = {
			isa = XCBuildConfiguration;
			buildSettings = {
				ALWAYS_EMBED_SWIFT_STANDARD_LIBRARIES = YES;
				ASSETCATALOG_COMPILER_APPICON_NAME = AppIcon;
				CLANG_ENABLE_MODULES = YES;
				CODE_SIGN_ENTITLEMENTS = Plum/Plum.entitlements;
				CODE_SIGN_IDENTITY = "iPhone Developer: ADAM WIENCONEK (NFU8AEPKAC)";
				"CODE_SIGN_IDENTITY[sdk=iphoneos*]" = "iPhone Developer: ADAM WIENCONEK (NFU8AEPKAC)";
				CODE_SIGN_STYLE = Manual;
				DEVELOPMENT_TEAM = 5346R7RC8E;
				FRAMEWORK_SEARCH_PATHS = (
					"$(SRCROOT)",
					"$(PROJECT_DIR)/Plum",
					"$(PROJECT_DIR)",
				);
				INFOPLIST_FILE = Plum/Info.plist;
				IPHONEOS_DEPLOYMENT_TARGET = 10.0;
				LD_RUNPATH_SEARCH_PATHS = "$(inherited) @executable_path/Frameworks";
				PRODUCT_BUNDLE_IDENTIFIER = com.wiencheck.plum;
				PRODUCT_NAME = "$(TARGET_NAME)";
				PROVISIONING_PROFILE = "4d49a265-3310-458e-ac02-e28ef3ce5da0";
				PROVISIONING_PROFILE_SPECIFIER = PlumDevelopment;
				SWIFT_OBJC_BRIDGING_HEADER = "Plum/Classes/MGImage/Plum-Bridging-Header.h";
				SWIFT_OPTIMIZATION_LEVEL = "-Onone";
				SWIFT_SWIFT3_OBJC_INFERENCE = On;
				SWIFT_VERSION = 4.0;
				TARGETED_DEVICE_FAMILY = 1;
			};
			name = Debug;
		};
		38E68AD11F28C17500BFF4E2 /* Release */ = {
			isa = XCBuildConfiguration;
			buildSettings = {
				ALWAYS_EMBED_SWIFT_STANDARD_LIBRARIES = YES;
				ASSETCATALOG_COMPILER_APPICON_NAME = AppIcon;
				CLANG_ENABLE_MODULES = YES;
				CODE_SIGN_ENTITLEMENTS = Plum/Plum.entitlements;
				CODE_SIGN_IDENTITY = "iPhone Distribution: ADAM WIENCONEK (5346R7RC8E)";
				"CODE_SIGN_IDENTITY[sdk=iphoneos*]" = "iPhone Distribution: ADAM WIENCONEK (5346R7RC8E)";
				CODE_SIGN_STYLE = Manual;
				DEVELOPMENT_TEAM = 5346R7RC8E;
				FRAMEWORK_SEARCH_PATHS = (
					"$(SRCROOT)",
					"$(PROJECT_DIR)/Plum",
					"$(PROJECT_DIR)",
				);
				INFOPLIST_FILE = Plum/Info.plist;
				IPHONEOS_DEPLOYMENT_TARGET = 10.0;
				LD_RUNPATH_SEARCH_PATHS = "$(inherited) @executable_path/Frameworks";
				PRODUCT_BUNDLE_IDENTIFIER = com.wiencheck.plum;
				PRODUCT_NAME = "$(TARGET_NAME)";
				PROVISIONING_PROFILE = "71511eea-61e7-480a-8e50-c059ece62173";
				PROVISIONING_PROFILE_SPECIFIER = PlumDistribution;
				SWIFT_OBJC_BRIDGING_HEADER = "Plum/Classes/MGImage/Plum-Bridging-Header.h";
				SWIFT_SWIFT3_OBJC_INFERENCE = On;
				SWIFT_VERSION = 4.0;
				TARGETED_DEVICE_FAMILY = 1;
			};
			name = Release;
		};
/* End XCBuildConfiguration section */

/* Begin XCConfigurationList section */
		3878D5081FD7F91500A6C42B /* Build configuration list for PBXNativeTarget "PlumWidget" */ = {
			isa = XCConfigurationList;
			buildConfigurations = (
				3878D5061FD7F91500A6C42B /* Debug */,
				3878D5071FD7F91500A6C42B /* Release */,
			);
			defaultConfigurationIsVisible = 0;
			defaultConfigurationName = Release;
		};
		38E68AB81F28C17500BFF4E2 /* Build configuration list for PBXProject "Plum" */ = {
			isa = XCConfigurationList;
			buildConfigurations = (
				38E68ACD1F28C17500BFF4E2 /* Debug */,
				38E68ACE1F28C17500BFF4E2 /* Release */,
			);
			defaultConfigurationIsVisible = 0;
			defaultConfigurationName = Release;
		};
		38E68ACF1F28C17500BFF4E2 /* Build configuration list for PBXNativeTarget "Plum" */ = {
			isa = XCConfigurationList;
			buildConfigurations = (
				38E68AD01F28C17500BFF4E2 /* Debug */,
				38E68AD11F28C17500BFF4E2 /* Release */,
			);
			defaultConfigurationIsVisible = 0;
			defaultConfigurationName = Release;
		};
/* End XCConfigurationList section */
	};
	rootObject = 38E68AB51F28C17500BFF4E2 /* Project object */;
}
